
Microsoft Visual Studio Solution File, Format Version 12.00
# Visual Studio Version 17
VisualStudioVersion = 17.7.34202.233
MinimumVisualStudioVersion = 10.0.40219.1
Project("{FAE04EC0-301F-11D3-BF4B-00C04F79EFBC}") = "project_6(passingData_2)", "project_6(passingData_2)\project_6(passingData_2).csproj", "{7D814835-0C12-4CDF-9D68-5B4BFB8B8324}"
EndProject
Global
	GlobalSection(SolutionConfigurationPlatforms) = preSolution
		Debug|Any CPU = Debug|Any CPU
		Release|Any CPU = Release|Any CPU
	EndGlobalSection
	GlobalSection(ProjectConfigurationPlatforms) = postSolution
		{7D814835-0C12-4CDF-9D68-5B4BFB8B8324}.Debug|Any CPU.ActiveCfg = Debug|Any CPU
		{7D814835-0C12-4CDF-9D68-5B4BFB8B8324}.Debug|Any CPU.Build.0 = Debug|Any CPU
		{7D814835-0C12-4CDF-9D68-5B4BFB8B8324}.Release|Any CPU.ActiveCfg = Release|Any CPU
		{7D814835-0C12-4CDF-9D68-5B4BFB8B8324}.Release|Any CPU.Build.0 = Release|Any CPU
	EndGlobalSection
	GlobalSection(SolutionProperties) = preSolution
		HideSolutionNode = FALSE
	EndGlobalSection
	GlobalSection(ExtensibilityGlobals) = postSolution
		SolutionGuid = {A40B36B6-09EA-4909-87BB-B7452A9ED4AA}
	EndGlobalSection
EndGlobal
