
Microsoft Visual Studio Solution File, Format Version 12.00
# Visual Studio Version 17
VisualStudioVersion = 17.7.34202.233
MinimumVisualStudioVersion = 10.0.40219.1
Project("{FAE04EC0-301F-11D3-BF4B-00C04F79EFBC}") = "project-2(routing)", "project-2(routing)\project-2(routing).csproj", "{E3309259-3EB3-4E3A-AAF3-EAED22BDE34D}"
EndProject
Global
	GlobalSection(SolutionConfigurationPlatforms) = preSolution
		Debug|Any CPU = Debug|Any CPU
		Release|Any CPU = Release|Any CPU
	EndGlobalSection
	GlobalSection(ProjectConfigurationPlatforms) = postSolution
		{E3309259-3EB3-4E3A-AAF3-EAED22BDE34D}.Debug|Any CPU.ActiveCfg = Debug|Any CPU
		{E3309259-3EB3-4E3A-AAF3-EAED22BDE34D}.Debug|Any CPU.Build.0 = Debug|Any CPU
		{E3309259-3EB3-4E3A-AAF3-EAED22BDE34D}.Release|Any CPU.ActiveCfg = Release|Any CPU
		{E3309259-3EB3-4E3A-AAF3-EAED22BDE34D}.Release|Any CPU.Build.0 = Release|Any CPU
	EndGlobalSection
	GlobalSection(SolutionProperties) = preSolution
		HideSolutionNode = FALSE
	EndGlobalSection
	GlobalSection(ExtensibilityGlobals) = postSolution
		SolutionGuid = {9E92B0C4-C1A6-4E59-9B7E-818FB8DD29DE}
	EndGlobalSection
EndGlobal
